{
  "lockVersion": 1,
  "packages": {
    "zip": {
      "git": "https://github.com/terotests/Ranger.git",
      "rev": "e3da7851bee8c7d3337fe404bef6fdc40cd34d46",
      "subdir": "lib/zip",
      "sha256": "b0ae94859e9e9a82013c1035bf36ada70d931ddb5ed16dd495028820d925ca9e"
    },
    "core": {
      "git": "https://github.com/terotests/Ranger.git",
      "rev": "e3da7851bee8c7d3337fe404bef6fdc40cd34d46",
      "subdir": "lib/core",
      "sha256": "13e58a076b4a0e7f0c99a7464e0b084fa49463e10b21d8fae6c09e33464ade65"
    }
  }
}
