{
  "lockVersion": 1,
  "packages": {
    "zip": {
      "git": "https://github.com/terotests/Ranger.git",
      "rev": "351afc770e555aa0dc2e7fa13cda5a05fe829ba8",
      "subdir": "lib/zip",
      "sha256": "c9a617acbc94bddbc56eac40ed9947815f1398eb0890fd2932f5d1b5e810a625"
    },
    "core": {
      "git": "https://github.com/terotests/Ranger.git",
      "rev": "351afc770e555aa0dc2e7fa13cda5a05fe829ba8",
      "subdir": "lib/core",
      "sha256": "97586bc6a2b3870e24cb59939c46fca61eb5d00ecddce429f5d9496c93f40572"
    }
  }
}
